
Microsoft Visual Studio Solution File, Format Version 12.00
# Visual Studio Version 17
VisualStudioVersion = 17.5.002.0
MinimumVisualStudioVersion = 10.0.40219.1
Project("{9A19103F-16F7-4668-BE54-9A1E7A4F7556}") = "DesafioProjetoHospedagem", "DesafioProjetoHospedagem.csproj", "{B8ACACE8-5DF5-44A6-8CBE-DFF96F7090C6}"
EndProject
Global
	GlobalSection(SolutionConfigurationPlatforms) = preSolution
		Debug|Any CPU = Debug|Any CPU
		Release|Any CPU = Release|Any CPU
	EndGlobalSection
	GlobalSection(ProjectConfigurationPlatforms) = postSolution
		{B8ACACE8-5DF5-44A6-8CBE-DFF96F7090C6}.Debug|Any CPU.ActiveCfg = Debug|Any CPU
		{B8ACACE8-5DF5-44A6-8CBE-DFF96F7090C6}.Debug|Any CPU.Build.0 = Debug|Any CPU
		{B8ACACE8-5DF5-44A6-8CBE-DFF96F7090C6}.Release|Any CPU.ActiveCfg = Release|Any CPU
		{B8ACACE8-5DF5-44A6-8CBE-DFF96F7090C6}.Release|Any CPU.Build.0 = Release|Any CPU
	EndGlobalSection
	GlobalSection(SolutionProperties) = preSolution
		HideSolutionNode = FALSE
	EndGlobalSection
	GlobalSection(ExtensibilityGlobals) = postSolution
		SolutionGuid = {1E2BC65D-A6C1-4A4E-A96F-01AA4B8EAF34}
	EndGlobalSection
EndGlobal
